// !$*UTF8*$!
{
	archiveVersion = 1;
	classes = {
	};
	objectVersion = 46;
	objects = {

/* Begin PBXBuildFile section */
		AE5803C61E86231E003574ED /* AppDelegate.swift in Sources */ = {isa = PBXBuildFile; fileRef = AE5803C51E86231E003574ED /* AppDelegate.swift */; };
		AE5803C81E86231E003574ED /* ViewController.swift in Sources */ = {isa = PBXBuildFile; fileRef = AE5803C71E86231E003574ED /* ViewController.swift */; };
		AE5803CB1E86231E003574ED /* Main.storyboard in Resources */ = {isa = PBXBuildFile; fileRef = AE5803C91E86231E003574ED /* Main.storyboard */; };
		AE5803CD1E86231E003574ED /* Assets.xcassets in Resources */ = {isa = PBXBuildFile; fileRef = AE5803CC1E86231E003574ED /* Assets.xcassets */; };
		AE5803D01E86231E003574ED /* LaunchScreen.storyboard in Resources */ = {isa = PBXBuildFile; fileRef = AE5803CE1E86231E003574ED /* LaunchScreen.storyboard */; };
		AE5803DB1E8626E7003574ED /* VideoCell.swift in Sources */ = {isa = PBXBuildFile; fileRef = AE5803DA1E8626E7003574ED /* VideoCell.swift */; };
		AE5803DD1E862700003574ED /* MenuBar.swift in Sources */ = {isa = PBXBuildFile; fileRef = AE5803DC1E862700003574ED /* MenuBar.swift */; };
		AE5803DF1E862714003574ED /* DescriptionCell.swift in Sources */ = {isa = PBXBuildFile; fileRef = AE5803DE1E862714003574ED /* DescriptionCell.swift */; };
		AE5803E11E862723003574ED /* FoodCollectionViewCell.swift in Sources */ = {isa = PBXBuildFile; fileRef = AE5803E01E862723003574ED /* FoodCollectionViewCell.swift */; };
		AE5803E31E86273D003574ED /* DetailViewController.swift in Sources */ = {isa = PBXBuildFile; fileRef = AE5803E21E86273D003574ED /* DetailViewController.swift */; };
/* End PBXBuildFile section */

/* Begin PBXFileReference section */
		AE5803C21E86231E003574ED /* MovieApp.app */ = {isa = PBXFileReference; explicitFileType = wrapper.application; includeInIndex = 0; path = MovieApp.app; sourceTree = BUILT_PRODUCTS_DIR; };
		AE5803C51E86231E003574ED /* AppDelegate.swift */ = {isa = PBXFileReference; lastKnownFileType = sourcecode.swift; path = AppDelegate.swift; sourceTree = "<group>"; };
		AE5803C71E86231E003574ED /* ViewController.swift */ = {isa = PBXFileReference; lastKnownFileType = sourcecode.swift; path = ViewController.swift; sourceTree = "<group>"; };
		AE5803CA1E86231E003574ED /* Base */ = {isa = PBXFileReference; lastKnownFileType = file.storyboard; name = Base; path = Base.lproj/Main.storyboard; sourceTree = "<group>"; };
		AE5803CC1E86231E003574ED /* Assets.xcassets */ = {isa = PBXFileReference; lastKnownFileType = folder.assetcatalog; path = Assets.xcassets; sourceTree = "<group>"; };
		AE5803CF1E86231E003574ED /* Base */ = {isa = PBXFileReference; lastKnownFileType = file.storyboard; name = Base; path = Base.lproj/LaunchScreen.storyboard; sourceTree = "<group>"; };
		AE5803D11E86231E003574ED /* Info.plist */ = {isa = PBXFileReference; lastKnownFileType = text.plist.xml; path = Info.plist; sourceTree = "<group>"; };
		AE5803DA1E8626E7003574ED /* VideoCell.swift */ = {isa = PBXFileReference; fileEncoding = 4; lastKnownFileType = sourcecode.swift; path = VideoCell.swift; sourceTree = "<group>"; };
		AE5803DC1E862700003574ED /* MenuBar.swift */ = {isa = PBXFileReference; fileEncoding = 4; lastKnownFileType = sourcecode.swift; path = MenuBar.swift; sourceTree = "<group>"; };
		AE5803DE1E862714003574ED /* DescriptionCell.swift */ = {isa = PBXFileReference; fileEncoding = 4; lastKnownFileType = sourcecode.swift; path = DescriptionCell.swift; sourceTree = "<group>"; };
		AE5803E01E862723003574ED /* FoodCollectionViewCell.swift */ = {isa = PBXFileReference; fileEncoding = 4; lastKnownFileType = sourcecode.swift; path = FoodCollectionViewCell.swift; sourceTree = "<group>"; };
		AE5803E21E86273D003574ED /* DetailViewController.swift */ = {isa = PBXFileReference; fileEncoding = 4; lastKnownFileType = sourcecode.swift; path = DetailViewController.swift; sourceTree = "<group>"; };
/* End PBXFileReference section */

/* Begin PBXFrameworksBuildPhase section */
		AE5803BF1E86231D003574ED /* Frameworks */ = {
			isa = PBXFrameworksBuildPhase;
			buildActionMask = 2147483647;
			files = (
			);
			runOnlyForDeploymentPostprocessing = 0;
		};
/* End PBXFrameworksBuildPhase section */

/* Begin PBXGroup section */
		AE5803B91E86231D003574ED = {
			isa = PBXGroup;
			children = (
				AE5803C41E86231E003574ED /* MovieApp */,
				AE5803C31E86231E003574ED /* Products */,
			);
			sourceTree = "<group>";
		};
		AE5803C31E86231E003574ED /* Products */ = {
			isa = PBXGroup;
			children = (
				AE5803C21E86231E003574ED /* MovieApp.app */,
			);
			name = Products;
			sourceTree = "<group>";
		};
		AE5803C41E86231E003574ED /* MovieApp */ = {
			isa = PBXGroup;
			children = (
				AE5803D91E8626BD003574ED /* Controller */,
				AE5803D81E8626B8003574ED /* View */,
				AE5803D71E8626B2003574ED /* Model */,
				AE5803C51E86231E003574ED /* AppDelegate.swift */,
				AE5803C91E86231E003574ED /* Main.storyboard */,
				AE5803CC1E86231E003574ED /* Assets.xcassets */,
				AE5803CE1E86231E003574ED /* LaunchScreen.storyboard */,
				AE5803D11E86231E003574ED /* Info.plist */,
			);
			path = MovieApp;
			sourceTree = "<group>";
		};
		AE5803D71E8626B2003574ED /* Model */ = {
			isa = PBXGroup;
			children = (
			);
			name = Model;
			sourceTree = "<group>";
		};
		AE5803D81E8626B8003574ED /* View */ = {
			isa = PBXGroup;
			children = (
				AE5803DA1E8626E7003574ED /* VideoCell.swift */,
				AE5803DC1E862700003574ED /* MenuBar.swift */,
				AE5803DE1E862714003574ED /* DescriptionCell.swift */,
				AE5803E01E862723003574ED /* FoodCollectionViewCell.swift */,
			);
			name = View;
			sourceTree = "<group>";
		};
		AE5803D91E8626BD003574ED /* Controller */ = {
			isa = PBXGroup;
			children = (
				AE5803C71E86231E003574ED /* ViewController.swift */,
				AE5803E21E86273D003574ED /* DetailViewController.swift */,
			);
			name = Controller;
			sourceTree = "<group>";
		};
/* End PBXGroup section */

/* Begin PBXNativeTarget section */
		AE5803C11E86231D003574ED /* MovieApp */ = {
			isa = PBXNativeTarget;
			buildConfigurationList = AE5803D41E86231E003574ED /* Build configuration list for PBXNativeTarget "MovieApp" */;
			buildPhases = (
				AE5803BE1E86231D003574ED /* Sources */,
				AE5803BF1E86231D003574ED /* Frameworks */,
				AE5803C01E86231D003574ED /* Resources */,
			);
			buildRules = (
			);
			dependencies = (
			);
			name = MovieApp;
			productName = MovieApp;
			productReference = AE5803C21E86231E003574ED /* MovieApp.app */;
			productType = "com.apple.product-type.application";
		};
/* End PBXNativeTarget section */

/* Begin PBXProject section */
		AE5803BA1E86231D003574ED /* Project object */ = {
			isa = PBXProject;
			attributes = {
				LastSwiftUpdateCheck = 0820;
				LastUpgradeCheck = 0820;
				ORGANIZATIONNAME = xszhao;
				TargetAttributes = {
					AE5803C11E86231D003574ED = {
						CreatedOnToolsVersion = 8.2.1;
						DevelopmentTeam = URDT8CB4R4;
						ProvisioningStyle = Automatic;
					};
				};
			};
			buildConfigurationList = AE5803BD1E86231D003574ED /* Build configuration list for PBXProject "MovieApp" */;
			compatibilityVersion = "Xcode 3.2";
			developmentRegion = English;
			hasScannedForEncodings = 0;
			knownRegions = (
				en,
				Base,
			);
			mainGroup = AE5803B91E86231D003574ED;
			productRefGroup = AE5803C31E86231E003574ED /* Products */;
			projectDirPath = "";
			projectRoot = "";
			targets = (
				AE5803C11E86231D003574ED /* MovieApp */,
			);
		};
/* End PBXProject section */

/* Begin PBXResourcesBuildPhase section */
		AE5803C01E86231D003574ED /* Resources */ = {
			isa = PBXResourcesBuildPhase;
			buildActionMask = 2147483647;
			files = (
				AE5803D01E86231E003574ED /* LaunchScreen.storyboard in Resources */,
				AE5803CD1E86231E003574ED /* Assets.xcassets in Resources */,
				AE5803CB1E86231E003574ED /* Main.storyboard in Resources */,
			);
			runOnlyForDeploymentPostprocessing = 0;
		};
/* End PBXResourcesBuildPhase section */

/* Begin PBXSourcesBuildPhase section */
		AE5803BE1E86231D003574ED /* Sources */ = {
			isa = PBXSourcesBuildPhase;
			buildActionMask = 2147483647;
			files = (
				AE5803C81E86231E003574ED /* ViewController.swift in Sources */,
				AE5803C61E86231E003574ED /* AppDelegate.swift in Sources */,
				AE5803DD1E862700003574ED /* MenuBar.swift in Sources */,
				AE5803DB1E8626E7003574ED /* VideoCell.swift in Sources */,
				AE5803E11E862723003574ED /* FoodCollectionViewCell.swift in Sources */,
				AE5803DF1E862714003574ED /* DescriptionCell.swift in Sources */,
				AE5803E31E86273D003574ED /* DetailViewController.swift in Sources */,
			);
			runOnlyForDeploymentPostprocessing = 0;
		};
/* End PBXSourcesBuildPhase section */

/* Begin PBXVariantGroup section */
		AE5803C91E86231E003574ED /* Main.storyboard */ = {
			isa = PBXVariantGroup;
			children = (
				AE5803CA1E86231E003574ED /* Base */,
			);
			name = Main.storyboard;
			sourceTree = "<group>";
		};
		AE5803CE1E86231E003574ED /* LaunchScreen.storyboard */ = {
			isa = PBXVariantGroup;
			children = (
				AE5803CF1E86231E003574ED /* Base */,
			);
			name = LaunchScreen.storyboard;
			sourceTree = "<group>";
		};
/* End PBXVariantGroup section */

/* Begin XCBuildConfiguration section */
		AE5803D21E86231E003574ED /* Debug */ = {
			isa = XCBuildConfiguration;
			buildSettings = {
				ALWAYS_SEARCH_USER_PATHS = NO;
				CLANG_ANALYZER_NONNULL = YES;
				CLANG_CXX_LANGUAGE_STANDARD = "gnu++0x";
				CLANG_CXX_LIBRARY = "libc++";
				CLANG_ENABLE_MODULES = YES;
				CLANG_ENABLE_OBJC_ARC = YES;
				CLANG_WARN_BOOL_CONVERSION = YES;
				CLANG_WARN_CONSTANT_CONVERSION = YES;
				CLANG_WARN_DIRECT_OBJC_ISA_USAGE = YES_ERROR;
				CLANG_WARN_DOCUMENTATION_COMMENTS = YES;
				CLANG_WARN_EMPTY_BODY = YES;
				CLANG_WARN_ENUM_CONVERSION = YES;
				CLANG_WARN_INFINITE_RECURSION = YES;
				CLANG_WARN_INT_CONVERSION = YES;
				CLANG_WARN_OBJC_ROOT_CLASS = YES_ERROR;
				CLANG_WARN_SUSPICIOUS_MOVE = YES;
				CLANG_WARN_UNREACHABLE_CODE = YES;
				CLANG_WARN__DUPLICATE_METHOD_MATCH = YES;
				"CODE_SIGN_IDENTITY[sdk=iphoneos*]" = "iPhone Developer";
				COPY_PHASE_STRIP = NO;
				DEBUG_INFORMATION_FORMAT = dwarf;
				ENABLE_STRICT_OBJC_MSGSEND = YES;
				ENABLE_TESTABILITY = YES;
				GCC_C_LANGUAGE_STANDARD = gnu99;
				GCC_DYNAMIC_NO_PIC = NO;
				GCC_NO_COMMON_BLOCKS = YES;
				GCC_OPTIMIZATION_LEVEL = 0;
				GCC_PREPROCESSOR_DEFINITIONS = (
					"DEBUG=1",
					"$(inherited)",
				);
				GCC_WARN_64_TO_32_BIT_CONVERSION = YES;
				GCC_WARN_ABOUT_RETURN_TYPE = YES_ERROR;
				GCC_WARN_UNDECLARED_SELECTOR = YES;
				GCC_WARN_UNINITIALIZED_AUTOS = YES_AGGRESSIVE;
				GCC_WARN_UNUSED_FUNCTION = YES;
				GCC_WARN_UNUSED_VARIABLE = YES;
				IPHONEOS_DEPLOYMENT_TARGET = 10.2;
				MTL_ENABLE_DEBUG_INFO = YES;
				ONLY_ACTIVE_ARCH = YES;
				SDKROOT = iphoneos;
				SWIFT_ACTIVE_COMPILATION_CONDITIONS = DEBUG;
				SWIFT_OPTIMIZATION_LEVEL = "-Onone";
				TARGETED_DEVICE_FAMILY = "1,2";
			};
			name = Debug;
		};
		AE5803D31E86231E003574ED /* Release */ = {
			isa = XCBuildConfiguration;
			buildSettings = {
				ALWAYS_SEARCH_USER_PATHS = NO;
				CLANG_ANALYZER_NONNULL = YES;
				CLANG_CXX_LANGUAGE_STANDARD = "gnu++0x";
				CLANG_CXX_LIBRARY = "libc++";
				CLANG_ENABLE_MODULES = YES;
				CLANG_ENABLE_OBJC_ARC = YES;
				CLANG_WARN_BOOL_CONVERSION = YES;
				CLANG_WARN_CONSTANT_CONVERSION = YES;
				CLANG_WARN_DIRECT_OBJC_ISA_USAGE = YES_ERROR;
				CLANG_WARN_DOCUMENTATION_COMMENTS = YES;
				CLANG_WARN_EMPTY_BODY = YES;
				CLANG_WARN_ENUM_CONVERSION = YES;
				CLANG_WARN_INFINITE_RECURSION = YES;
				CLANG_WARN_INT_CONVERSION = YES;
				CLANG_WARN_OBJC_ROOT_CLASS = YES_ERROR;
				CLANG_WARN_SUSPICIOUS_MOVE = YES;
				CLANG_WARN_UNREACHABLE_CODE = YES;
				CLANG_WARN__DUPLICATE_METHOD_MATCH = YES;
				"CODE_SIGN_IDENTITY[sdk=iphoneos*]" = "iPhone Developer";
				COPY_PHASE_STRIP = NO;
				DEBUG_INFORMATION_FORMAT = "dwarf-with-dsym";
				ENABLE_NS_ASSERTIONS = NO;
				ENABLE_STRICT_OBJC_MSGSEND = YES;
				GCC_C_LANGUAGE_STANDARD = gnu99;
				GCC_NO_COMMON_BLOCKS = YES;
				GCC_WARN_64_TO_32_BIT_CONVERSION = YES;
				GCC_WARN_ABOUT_RETURN_TYPE = YES_ERROR;
				GCC_WARN_UNDECLARED_SELECTOR = YES;
				GCC_WARN_UNINITIALIZED_AUTOS = YES_AGGRESSIVE;
				GCC_WARN_UNUSED_FUNCTION = YES;
				GCC_WARN_UNUSED_VARIABLE = YES;
				IPHONEOS_DEPLOYMENT_TARGET = 10.2;
				MTL_ENABLE_DEBUG_INFO = NO;
				SDKROOT = iphoneos;
				SWIFT_OPTIMIZATION_LEVEL = "-Owholemodule";
				TARGETED_DEVICE_FAMILY = "1,2";
				VALIDATE_PRODUCT = YES;
			};
			name = Release;
		};
		AE5803D51E86231E003574ED /* Debug */ = {
			isa = XCBuildConfiguration;
			buildSettings = {
				ASSETCATALOG_COMPILER_APPICON_NAME = AppIcon;
				DEVELOPMENT_TEAM = URDT8CB4R4;
				INFOPLIST_FILE = MovieApp/Info.plist;
				LD_RUNPATH_SEARCH_PATHS = "$(inherited) @executable_path/Frameworks";
				PRODUCT_BUNDLE_IDENTIFIER = test.MovieApp;
				PRODUCT_NAME = "$(TARGET_NAME)";
				SWIFT_VERSION = 3.0;
			};
			name = Debug;
		};
		AE5803D61E86231E003574ED /* Release */ = {
			isa = XCBuildConfiguration;
			buildSettings = {
				ASSETCATALOG_COMPILER_APPICON_NAME = AppIcon;
				DEVELOPMENT_TEAM = URDT8CB4R4;
				INFOPLIST_FILE = MovieApp/Info.plist;
				LD_RUNPATH_SEARCH_PATHS = "$(inherited) @executable_path/Frameworks";
				PRODUCT_BUNDLE_IDENTIFIER = test.MovieApp;
				PRODUCT_NAME = "$(TARGET_NAME)";
				SWIFT_VERSION = 3.0;
			};
			name = Release;
		};
/* End XCBuildConfiguration section */

/* Begin XCConfigurationList section */
		AE5803BD1E86231D003574ED /* Build configuration list for PBXProject "MovieApp" */ = {
			isa = XCConfigurationList;
			buildConfigurations = (
				AE5803D21E86231E003574ED /* Debug */,
				AE5803D31E86231E003574ED /* Release */,
			);
			defaultConfigurationIsVisible = 0;
			defaultConfigurationName = Release;
		};
		AE5803D41E86231E003574ED /* Build configuration list for PBXNativeTarget "MovieApp" */ = {
			isa = XCConfigurationList;
			buildConfigurations = (
				AE5803D51E86231E003574ED /* Debug */,
				AE5803D61E86231E003574ED /* Release */,
			);
			defaultConfigurationIsVisible = 0;
		};
/* End XCConfigurationList section */
	};
	rootObject = AE5803BA1E86231D003574ED /* Project object */;
}
