// !$*UTF8*$!
{
	archiveVersion = 1;
	classes = {
	};
	objectVersion = 46;
	objects = {

/* Begin PBXBuildFile section */
		AE2B94C61E5762BB00643518 /* AppDelegate.swift in Sources */ = {isa = PBXBuildFile; fileRef = AE2B94C51E5762BB00643518 /* AppDelegate.swift */; };
		AE2B94C81E5762BB00643518 /* ViewController.swift in Sources */ = {isa = PBXBuildFile; fileRef = AE2B94C71E5762BB00643518 /* ViewController.swift */; };
		AE2B94CB1E5762BB00643518 /* Main.storyboard in Resources */ = {isa = PBXBuildFile; fileRef = AE2B94C91E5762BB00643518 /* Main.storyboard */; };
		AE2B94CD1E5762BB00643518 /* Assets.xcassets in Resources */ = {isa = PBXBuildFile; fileRef = AE2B94CC1E5762BB00643518 /* Assets.xcassets */; };
		AE2B94D01E5762BB00643518 /* LaunchScreen.storyboard in Resources */ = {isa = PBXBuildFile; fileRef = AE2B94CE1E5762BB00643518 /* LaunchScreen.storyboard */; };
		AECB52971E57A1CC0007AE42 /* SettingsLauncher.swift in Sources */ = {isa = PBXBuildFile; fileRef = AECB52961E57A1CC0007AE42 /* SettingsLauncher.swift */; };
		AECB52991E57DEAF0007AE42 /* PersonCell.swift in Sources */ = {isa = PBXBuildFile; fileRef = AECB52981E57DEAF0007AE42 /* PersonCell.swift */; };
		AECB529B1E57E0F00007AE42 /* Person.swift in Sources */ = {isa = PBXBuildFile; fileRef = AECB529A1E57E0F00007AE42 /* Person.swift */; };
		AECB52A11E57F58A0007AE42 /* DetailViewController.swift in Sources */ = {isa = PBXBuildFile; fileRef = AECB52A01E57F58A0007AE42 /* DetailViewController.swift */; };
/* End PBXBuildFile section */

/* Begin PBXFileReference section */
		AE2B94C21E5762BB00643518 /* SearchBarTutorial.app */ = {isa = PBXFileReference; explicitFileType = wrapper.application; includeInIndex = 0; path = SearchBarTutorial.app; sourceTree = BUILT_PRODUCTS_DIR; };
		AE2B94C51E5762BB00643518 /* AppDelegate.swift */ = {isa = PBXFileReference; lastKnownFileType = sourcecode.swift; path = AppDelegate.swift; sourceTree = "<group>"; };
		AE2B94C71E5762BB00643518 /* ViewController.swift */ = {isa = PBXFileReference; lastKnownFileType = sourcecode.swift; path = ViewController.swift; sourceTree = "<group>"; };
		AE2B94CA1E5762BB00643518 /* Base */ = {isa = PBXFileReference; lastKnownFileType = file.storyboard; name = Base; path = Base.lproj/Main.storyboard; sourceTree = "<group>"; };
		AE2B94CC1E5762BB00643518 /* Assets.xcassets */ = {isa = PBXFileReference; lastKnownFileType = folder.assetcatalog; path = Assets.xcassets; sourceTree = "<group>"; };
		AE2B94CF1E5762BB00643518 /* Base */ = {isa = PBXFileReference; lastKnownFileType = file.storyboard; name = Base; path = Base.lproj/LaunchScreen.storyboard; sourceTree = "<group>"; };
		AE2B94D11E5762BB00643518 /* Info.plist */ = {isa = PBXFileReference; lastKnownFileType = text.plist.xml; path = Info.plist; sourceTree = "<group>"; };
		AECB52961E57A1CC0007AE42 /* SettingsLauncher.swift */ = {isa = PBXFileReference; fileEncoding = 4; lastKnownFileType = sourcecode.swift; path = SettingsLauncher.swift; sourceTree = "<group>"; };
		AECB52981E57DEAF0007AE42 /* PersonCell.swift */ = {isa = PBXFileReference; fileEncoding = 4; lastKnownFileType = sourcecode.swift; path = PersonCell.swift; sourceTree = "<group>"; };
		AECB529A1E57E0F00007AE42 /* Person.swift */ = {isa = PBXFileReference; fileEncoding = 4; lastKnownFileType = sourcecode.swift; path = Person.swift; sourceTree = "<group>"; };
		AECB52A01E57F58A0007AE42 /* DetailViewController.swift */ = {isa = PBXFileReference; fileEncoding = 4; lastKnownFileType = sourcecode.swift; path = DetailViewController.swift; sourceTree = "<group>"; };
/* End PBXFileReference section */

/* Begin PBXFrameworksBuildPhase section */
		AE2B94BF1E5762BB00643518 /* Frameworks */ = {
			isa = PBXFrameworksBuildPhase;
			buildActionMask = 2147483647;
			files = (
			);
			runOnlyForDeploymentPostprocessing = 0;
		};
/* End PBXFrameworksBuildPhase section */

/* Begin PBXGroup section */
		AE2B94B91E5762BB00643518 = {
			isa = PBXGroup;
			children = (
				AE2B94C41E5762BB00643518 /* SearchBarTutorial */,
				AE2B94C31E5762BB00643518 /* Products */,
			);
			sourceTree = "<group>";
		};
		AE2B94C31E5762BB00643518 /* Products */ = {
			isa = PBXGroup;
			children = (
				AE2B94C21E5762BB00643518 /* SearchBarTutorial.app */,
			);
			name = Products;
			sourceTree = "<group>";
		};
		AE2B94C41E5762BB00643518 /* SearchBarTutorial */ = {
			isa = PBXGroup;
			children = (
				AECB529F1E57ED610007AE42 /* Helper */,
				AECB529E1E57ED490007AE42 /* Controller */,
				AECB529D1E57ED450007AE42 /* View */,
				AECB529C1E57ED3F0007AE42 /* Modal */,
				AE2B94C51E5762BB00643518 /* AppDelegate.swift */,
				AE2B94C91E5762BB00643518 /* Main.storyboard */,
				AE2B94CC1E5762BB00643518 /* Assets.xcassets */,
				AE2B94CE1E5762BB00643518 /* LaunchScreen.storyboard */,
				AE2B94D11E5762BB00643518 /* Info.plist */,
			);
			path = SearchBarTutorial;
			sourceTree = "<group>";
		};
		AECB529C1E57ED3F0007AE42 /* Modal */ = {
			isa = PBXGroup;
			children = (
				AECB529A1E57E0F00007AE42 /* Person.swift */,
			);
			name = Modal;
			sourceTree = "<group>";
		};
		AECB529D1E57ED450007AE42 /* View */ = {
			isa = PBXGroup;
			children = (
				AECB52981E57DEAF0007AE42 /* PersonCell.swift */,
			);
			name = View;
			sourceTree = "<group>";
		};
		AECB529E1E57ED490007AE42 /* Controller */ = {
			isa = PBXGroup;
			children = (
				AE2B94C71E5762BB00643518 /* ViewController.swift */,
				AECB52A01E57F58A0007AE42 /* DetailViewController.swift */,
			);
			name = Controller;
			sourceTree = "<group>";
		};
		AECB529F1E57ED610007AE42 /* Helper */ = {
			isa = PBXGroup;
			children = (
				AECB52961E57A1CC0007AE42 /* SettingsLauncher.swift */,
			);
			name = Helper;
			sourceTree = "<group>";
		};
/* End PBXGroup section */

/* Begin PBXNativeTarget section */
		AE2B94C11E5762BB00643518 /* SearchBarTutorial */ = {
			isa = PBXNativeTarget;
			buildConfigurationList = AE2B94D41E5762BB00643518 /* Build configuration list for PBXNativeTarget "SearchBarTutorial" */;
			buildPhases = (
				AE2B94BE1E5762BB00643518 /* Sources */,
				AE2B94BF1E5762BB00643518 /* Frameworks */,
				AE2B94C01E5762BB00643518 /* Resources */,
			);
			buildRules = (
			);
			dependencies = (
			);
			name = SearchBarTutorial;
			productName = SearchBarTutorial;
			productReference = AE2B94C21E5762BB00643518 /* SearchBarTutorial.app */;
			productType = "com.apple.product-type.application";
		};
/* End PBXNativeTarget section */

/* Begin PBXProject section */
		AE2B94BA1E5762BB00643518 /* Project object */ = {
			isa = PBXProject;
			attributes = {
				LastSwiftUpdateCheck = 0820;
				LastUpgradeCheck = 0820;
				ORGANIZATIONNAME = xszhao;
				TargetAttributes = {
					AE2B94C11E5762BB00643518 = {
						CreatedOnToolsVersion = 8.2.1;
						DevelopmentTeam = URDT8CB4R4;
						ProvisioningStyle = Automatic;
					};
				};
			};
			buildConfigurationList = AE2B94BD1E5762BB00643518 /* Build configuration list for PBXProject "SearchBarTutorial" */;
			compatibilityVersion = "Xcode 3.2";
			developmentRegion = English;
			hasScannedForEncodings = 0;
			knownRegions = (
				en,
				Base,
			);
			mainGroup = AE2B94B91E5762BB00643518;
			productRefGroup = AE2B94C31E5762BB00643518 /* Products */;
			projectDirPath = "";
			projectRoot = "";
			targets = (
				AE2B94C11E5762BB00643518 /* SearchBarTutorial */,
			);
		};
/* End PBXProject section */

/* Begin PBXResourcesBuildPhase section */
		AE2B94C01E5762BB00643518 /* Resources */ = {
			isa = PBXResourcesBuildPhase;
			buildActionMask = 2147483647;
			files = (
				AE2B94D01E5762BB00643518 /* LaunchScreen.storyboard in Resources */,
				AE2B94CD1E5762BB00643518 /* Assets.xcassets in Resources */,
				AE2B94CB1E5762BB00643518 /* Main.storyboard in Resources */,
			);
			runOnlyForDeploymentPostprocessing = 0;
		};
/* End PBXResourcesBuildPhase section */

/* Begin PBXSourcesBuildPhase section */
		AE2B94BE1E5762BB00643518 /* Sources */ = {
			isa = PBXSourcesBuildPhase;
			buildActionMask = 2147483647;
			files = (
				AECB529B1E57E0F00007AE42 /* Person.swift in Sources */,
				AE2B94C81E5762BB00643518 /* ViewController.swift in Sources */,
				AE2B94C61E5762BB00643518 /* AppDelegate.swift in Sources */,
				AECB52A11E57F58A0007AE42 /* DetailViewController.swift in Sources */,
				AECB52991E57DEAF0007AE42 /* PersonCell.swift in Sources */,
				AECB52971E57A1CC0007AE42 /* SettingsLauncher.swift in Sources */,
			);
			runOnlyForDeploymentPostprocessing = 0;
		};
/* End PBXSourcesBuildPhase section */

/* Begin PBXVariantGroup section */
		AE2B94C91E5762BB00643518 /* Main.storyboard */ = {
			isa = PBXVariantGroup;
			children = (
				AE2B94CA1E5762BB00643518 /* Base */,
			);
			name = Main.storyboard;
			sourceTree = "<group>";
		};
		AE2B94CE1E5762BB00643518 /* LaunchScreen.storyboard */ = {
			isa = PBXVariantGroup;
			children = (
				AE2B94CF1E5762BB00643518 /* Base */,
			);
			name = LaunchScreen.storyboard;
			sourceTree = "<group>";
		};
/* End PBXVariantGroup section */

/* Begin XCBuildConfiguration section */
		AE2B94D21E5762BB00643518 /* Debug */ = {
			isa = XCBuildConfiguration;
			buildSettings = {
				ALWAYS_SEARCH_USER_PATHS = NO;
				CLANG_ANALYZER_NONNULL = YES;
				CLANG_CXX_LANGUAGE_STANDARD = "gnu++0x";
				CLANG_CXX_LIBRARY = "libc++";
				CLANG_ENABLE_MODULES = YES;
				CLANG_ENABLE_OBJC_ARC = YES;
				CLANG_WARN_BOOL_CONVERSION = YES;
				CLANG_WARN_CONSTANT_CONVERSION = YES;
				CLANG_WARN_DIRECT_OBJC_ISA_USAGE = YES_ERROR;
				CLANG_WARN_DOCUMENTATION_COMMENTS = YES;
				CLANG_WARN_EMPTY_BODY = YES;
				CLANG_WARN_ENUM_CONVERSION = YES;
				CLANG_WARN_INFINITE_RECURSION = YES;
				CLANG_WARN_INT_CONVERSION = YES;
				CLANG_WARN_OBJC_ROOT_CLASS = YES_ERROR;
				CLANG_WARN_SUSPICIOUS_MOVE = YES;
				CLANG_WARN_UNREACHABLE_CODE = YES;
				CLANG_WARN__DUPLICATE_METHOD_MATCH = YES;
				"CODE_SIGN_IDENTITY[sdk=iphoneos*]" = "iPhone Developer";
				COPY_PHASE_STRIP = NO;
				DEBUG_INFORMATION_FORMAT = dwarf;
				ENABLE_STRICT_OBJC_MSGSEND = YES;
				ENABLE_TESTABILITY = YES;
				GCC_C_LANGUAGE_STANDARD = gnu99;
				GCC_DYNAMIC_NO_PIC = NO;
				GCC_NO_COMMON_BLOCKS = YES;
				GCC_OPTIMIZATION_LEVEL = 0;
				GCC_PREPROCESSOR_DEFINITIONS = (
					"DEBUG=1",
					"$(inherited)",
				);
				GCC_WARN_64_TO_32_BIT_CONVERSION = YES;
				GCC_WARN_ABOUT_RETURN_TYPE = YES_ERROR;
				GCC_WARN_UNDECLARED_SELECTOR = YES;
				GCC_WARN_UNINITIALIZED_AUTOS = YES_AGGRESSIVE;
				GCC_WARN_UNUSED_FUNCTION = YES;
				GCC_WARN_UNUSED_VARIABLE = YES;
				IPHONEOS_DEPLOYMENT_TARGET = 9.3;
				MTL_ENABLE_DEBUG_INFO = YES;
				ONLY_ACTIVE_ARCH = YES;
				SDKROOT = iphoneos;
				SWIFT_ACTIVE_COMPILATION_CONDITIONS = DEBUG;
				SWIFT_OPTIMIZATION_LEVEL = "-Onone";
				TARGETED_DEVICE_FAMILY = "1,2";
			};
			name = Debug;
		};
		AE2B94D31E5762BB00643518 /* Release */ = {
			isa = XCBuildConfiguration;
			buildSettings = {
				ALWAYS_SEARCH_USER_PATHS = NO;
				CLANG_ANALYZER_NONNULL = YES;
				CLANG_CXX_LANGUAGE_STANDARD = "gnu++0x";
				CLANG_CXX_LIBRARY = "libc++";
				CLANG_ENABLE_MODULES = YES;
				CLANG_ENABLE_OBJC_ARC = YES;
				CLANG_WARN_BOOL_CONVERSION = YES;
				CLANG_WARN_CONSTANT_CONVERSION = YES;
				CLANG_WARN_DIRECT_OBJC_ISA_USAGE = YES_ERROR;
				CLANG_WARN_DOCUMENTATION_COMMENTS = YES;
				CLANG_WARN_EMPTY_BODY = YES;
				CLANG_WARN_ENUM_CONVERSION = YES;
				CLANG_WARN_INFINITE_RECURSION = YES;
				CLANG_WARN_INT_CONVERSION = YES;
				CLANG_WARN_OBJC_ROOT_CLASS = YES_ERROR;
				CLANG_WARN_SUSPICIOUS_MOVE = YES;
				CLANG_WARN_UNREACHABLE_CODE = YES;
				CLANG_WARN__DUPLICATE_METHOD_MATCH = YES;
				"CODE_SIGN_IDENTITY[sdk=iphoneos*]" = "iPhone Developer";
				COPY_PHASE_STRIP = NO;
				DEBUG_INFORMATION_FORMAT = "dwarf-with-dsym";
				ENABLE_NS_ASSERTIONS = NO;
				ENABLE_STRICT_OBJC_MSGSEND = YES;
				GCC_C_LANGUAGE_STANDARD = gnu99;
				GCC_NO_COMMON_BLOCKS = YES;
				GCC_WARN_64_TO_32_BIT_CONVERSION = YES;
				GCC_WARN_ABOUT_RETURN_TYPE = YES_ERROR;
				GCC_WARN_UNDECLARED_SELECTOR = YES;
				GCC_WARN_UNINITIALIZED_AUTOS = YES_AGGRESSIVE;
				GCC_WARN_UNUSED_FUNCTION = YES;
				GCC_WARN_UNUSED_VARIABLE = YES;
				IPHONEOS_DEPLOYMENT_TARGET = 9.3;
				MTL_ENABLE_DEBUG_INFO = NO;
				SDKROOT = iphoneos;
				SWIFT_OPTIMIZATION_LEVEL = "-Owholemodule";
				TARGETED_DEVICE_FAMILY = "1,2";
				VALIDATE_PRODUCT = YES;
			};
			name = Release;
		};
		AE2B94D51E5762BB00643518 /* Debug */ = {
			isa = XCBuildConfiguration;
			buildSettings = {
				ASSETCATALOG_COMPILER_APPICON_NAME = AppIcon;
				DEVELOPMENT_TEAM = URDT8CB4R4;
				INFOPLIST_FILE = SearchBarTutorial/Info.plist;
				IPHONEOS_DEPLOYMENT_TARGET = 9.3;
				LD_RUNPATH_SEARCH_PATHS = "$(inherited) @executable_path/Frameworks";
				PRODUCT_BUNDLE_IDENTIFIER = test.SearchBarTutorial;
				PRODUCT_NAME = "$(TARGET_NAME)";
				SWIFT_VERSION = 3.0;
			};
			name = Debug;
		};
		AE2B94D61E5762BB00643518 /* Release */ = {
			isa = XCBuildConfiguration;
			buildSettings = {
				ASSETCATALOG_COMPILER_APPICON_NAME = AppIcon;
				DEVELOPMENT_TEAM = URDT8CB4R4;
				INFOPLIST_FILE = SearchBarTutorial/Info.plist;
				IPHONEOS_DEPLOYMENT_TARGET = 9.3;
				LD_RUNPATH_SEARCH_PATHS = "$(inherited) @executable_path/Frameworks";
				PRODUCT_BUNDLE_IDENTIFIER = test.SearchBarTutorial;
				PRODUCT_NAME = "$(TARGET_NAME)";
				SWIFT_VERSION = 3.0;
			};
			name = Release;
		};
/* End XCBuildConfiguration section */

/* Begin XCConfigurationList section */
		AE2B94BD1E5762BB00643518 /* Build configuration list for PBXProject "SearchBarTutorial" */ = {
			isa = XCConfigurationList;
			buildConfigurations = (
				AE2B94D21E5762BB00643518 /* Debug */,
				AE2B94D31E5762BB00643518 /* Release */,
			);
			defaultConfigurationIsVisible = 0;
			defaultConfigurationName = Release;
		};
		AE2B94D41E5762BB00643518 /* Build configuration list for PBXNativeTarget "SearchBarTutorial" */ = {
			isa = XCConfigurationList;
			buildConfigurations = (
				AE2B94D51E5762BB00643518 /* Debug */,
				AE2B94D61E5762BB00643518 /* Release */,
			);
			defaultConfigurationIsVisible = 0;
			defaultConfigurationName = Release;
		};
/* End XCConfigurationList section */
	};
	rootObject = AE2B94BA1E5762BB00643518 /* Project object */;
}
