// !$*UTF8*$!
{
	archiveVersion = 1;
	classes = {
	};
	objectVersion = 46;
	objects = {

/* Begin PBXBuildFile section */
		AE2B94A81E56EB3E00643518 /* AppDelegate.swift in Sources */ = {isa = PBXBuildFile; fileRef = AE2B94A71E56EB3E00643518 /* AppDelegate.swift */; };
		AE2B94AA1E56EB3E00643518 /* ViewController.swift in Sources */ = {isa = PBXBuildFile; fileRef = AE2B94A91E56EB3E00643518 /* ViewController.swift */; };
		AE2B94AD1E56EB3E00643518 /* Main.storyboard in Resources */ = {isa = PBXBuildFile; fileRef = AE2B94AB1E56EB3E00643518 /* Main.storyboard */; };
		AE2B94AF1E56EB3E00643518 /* Assets.xcassets in Resources */ = {isa = PBXBuildFile; fileRef = AE2B94AE1E56EB3E00643518 /* Assets.xcassets */; };
		AE2B94B21E56EB3E00643518 /* LaunchScreen.storyboard in Resources */ = {isa = PBXBuildFile; fileRef = AE2B94B01E56EB3E00643518 /* LaunchScreen.storyboard */; };
/* End PBXBuildFile section */

/* Begin PBXFileReference section */
		AE2B94A41E56EB3E00643518 /* IMDBProject.app */ = {isa = PBXFileReference; explicitFileType = wrapper.application; includeInIndex = 0; path = IMDBProject.app; sourceTree = BUILT_PRODUCTS_DIR; };
		AE2B94A71E56EB3E00643518 /* AppDelegate.swift */ = {isa = PBXFileReference; lastKnownFileType = sourcecode.swift; path = AppDelegate.swift; sourceTree = "<group>"; };
		AE2B94A91E56EB3E00643518 /* ViewController.swift */ = {isa = PBXFileReference; lastKnownFileType = sourcecode.swift; path = ViewController.swift; sourceTree = "<group>"; };
		AE2B94AC1E56EB3E00643518 /* Base */ = {isa = PBXFileReference; lastKnownFileType = file.storyboard; name = Base; path = Base.lproj/Main.storyboard; sourceTree = "<group>"; };
		AE2B94AE1E56EB3E00643518 /* Assets.xcassets */ = {isa = PBXFileReference; lastKnownFileType = folder.assetcatalog; path = Assets.xcassets; sourceTree = "<group>"; };
		AE2B94B11E56EB3E00643518 /* Base */ = {isa = PBXFileReference; lastKnownFileType = file.storyboard; name = Base; path = Base.lproj/LaunchScreen.storyboard; sourceTree = "<group>"; };
		AE2B94B31E56EB3E00643518 /* Info.plist */ = {isa = PBXFileReference; lastKnownFileType = text.plist.xml; path = Info.plist; sourceTree = "<group>"; };
/* End PBXFileReference section */

/* Begin PBXFrameworksBuildPhase section */
		AE2B94A11E56EB3E00643518 /* Frameworks */ = {
			isa = PBXFrameworksBuildPhase;
			buildActionMask = 2147483647;
			files = (
			);
			runOnlyForDeploymentPostprocessing = 0;
		};
/* End PBXFrameworksBuildPhase section */

/* Begin PBXGroup section */
		AE2B949B1E56EB3E00643518 = {
			isa = PBXGroup;
			children = (
				AE2B94A61E56EB3E00643518 /* IMDBProject */,
				AE2B94A51E56EB3E00643518 /* Products */,
			);
			sourceTree = "<group>";
		};
		AE2B94A51E56EB3E00643518 /* Products */ = {
			isa = PBXGroup;
			children = (
				AE2B94A41E56EB3E00643518 /* IMDBProject.app */,
			);
			name = Products;
			sourceTree = "<group>";
		};
		AE2B94A61E56EB3E00643518 /* IMDBProject */ = {
			isa = PBXGroup;
			children = (
				AE2B94A71E56EB3E00643518 /* AppDelegate.swift */,
				AE2B94A91E56EB3E00643518 /* ViewController.swift */,
				AE2B94AB1E56EB3E00643518 /* Main.storyboard */,
				AE2B94AE1E56EB3E00643518 /* Assets.xcassets */,
				AE2B94B01E56EB3E00643518 /* LaunchScreen.storyboard */,
				AE2B94B31E56EB3E00643518 /* Info.plist */,
			);
			path = IMDBProject;
			sourceTree = "<group>";
		};
/* End PBXGroup section */

/* Begin PBXNativeTarget section */
		AE2B94A31E56EB3E00643518 /* IMDBProject */ = {
			isa = PBXNativeTarget;
			buildConfigurationList = AE2B94B61E56EB3E00643518 /* Build configuration list for PBXNativeTarget "IMDBProject" */;
			buildPhases = (
				AE2B94A01E56EB3E00643518 /* Sources */,
				AE2B94A11E56EB3E00643518 /* Frameworks */,
				AE2B94A21E56EB3E00643518 /* Resources */,
			);
			buildRules = (
			);
			dependencies = (
			);
			name = IMDBProject;
			productName = IMDBProject;
			productReference = AE2B94A41E56EB3E00643518 /* IMDBProject.app */;
			productType = "com.apple.product-type.application";
		};
/* End PBXNativeTarget section */

/* Begin PBXProject section */
		AE2B949C1E56EB3E00643518 /* Project object */ = {
			isa = PBXProject;
			attributes = {
				LastSwiftUpdateCheck = 0820;
				LastUpgradeCheck = 0820;
				ORGANIZATIONNAME = xszhao;
				TargetAttributes = {
					AE2B94A31E56EB3E00643518 = {
						CreatedOnToolsVersion = 8.2.1;
						DevelopmentTeam = URDT8CB4R4;
						ProvisioningStyle = Automatic;
					};
				};
			};
			buildConfigurationList = AE2B949F1E56EB3E00643518 /* Build configuration list for PBXProject "IMDBProject" */;
			compatibilityVersion = "Xcode 3.2";
			developmentRegion = English;
			hasScannedForEncodings = 0;
			knownRegions = (
				en,
				Base,
			);
			mainGroup = AE2B949B1E56EB3E00643518;
			productRefGroup = AE2B94A51E56EB3E00643518 /* Products */;
			projectDirPath = "";
			projectRoot = "";
			targets = (
				AE2B94A31E56EB3E00643518 /* IMDBProject */,
			);
		};
/* End PBXProject section */

/* Begin PBXResourcesBuildPhase section */
		AE2B94A21E56EB3E00643518 /* Resources */ = {
			isa = PBXResourcesBuildPhase;
			buildActionMask = 2147483647;
			files = (
				AE2B94B21E56EB3E00643518 /* LaunchScreen.storyboard in Resources */,
				AE2B94AF1E56EB3E00643518 /* Assets.xcassets in Resources */,
				AE2B94AD1E56EB3E00643518 /* Main.storyboard in Resources */,
			);
			runOnlyForDeploymentPostprocessing = 0;
		};
/* End PBXResourcesBuildPhase section */

/* Begin PBXSourcesBuildPhase section */
		AE2B94A01E56EB3E00643518 /* Sources */ = {
			isa = PBXSourcesBuildPhase;
			buildActionMask = 2147483647;
			files = (
				AE2B94AA1E56EB3E00643518 /* ViewController.swift in Sources */,
				AE2B94A81E56EB3E00643518 /* AppDelegate.swift in Sources */,
			);
			runOnlyForDeploymentPostprocessing = 0;
		};
/* End PBXSourcesBuildPhase section */

/* Begin PBXVariantGroup section */
		AE2B94AB1E56EB3E00643518 /* Main.storyboard */ = {
			isa = PBXVariantGroup;
			children = (
				AE2B94AC1E56EB3E00643518 /* Base */,
			);
			name = Main.storyboard;
			sourceTree = "<group>";
		};
		AE2B94B01E56EB3E00643518 /* LaunchScreen.storyboard */ = {
			isa = PBXVariantGroup;
			children = (
				AE2B94B11E56EB3E00643518 /* Base */,
			);
			name = LaunchScreen.storyboard;
			sourceTree = "<group>";
		};
/* End PBXVariantGroup section */

/* Begin XCBuildConfiguration section */
		AE2B94B41E56EB3E00643518 /* Debug */ = {
			isa = XCBuildConfiguration;
			buildSettings = {
				ALWAYS_SEARCH_USER_PATHS = NO;
				CLANG_ANALYZER_NONNULL = YES;
				CLANG_CXX_LANGUAGE_STANDARD = "gnu++0x";
				CLANG_CXX_LIBRARY = "libc++";
				CLANG_ENABLE_MODULES = YES;
				CLANG_ENABLE_OBJC_ARC = YES;
				CLANG_WARN_BOOL_CONVERSION = YES;
				CLANG_WARN_CONSTANT_CONVERSION = YES;
				CLANG_WARN_DIRECT_OBJC_ISA_USAGE = YES_ERROR;
				CLANG_WARN_DOCUMENTATION_COMMENTS = YES;
				CLANG_WARN_EMPTY_BODY = YES;
				CLANG_WARN_ENUM_CONVERSION = YES;
				CLANG_WARN_INFINITE_RECURSION = YES;
				CLANG_WARN_INT_CONVERSION = YES;
				CLANG_WARN_OBJC_ROOT_CLASS = YES_ERROR;
				CLANG_WARN_SUSPICIOUS_MOVE = YES;
				CLANG_WARN_UNREACHABLE_CODE = YES;
				CLANG_WARN__DUPLICATE_METHOD_MATCH = YES;
				"CODE_SIGN_IDENTITY[sdk=iphoneos*]" = "iPhone Developer";
				COPY_PHASE_STRIP = NO;
				DEBUG_INFORMATION_FORMAT = dwarf;
				ENABLE_STRICT_OBJC_MSGSEND = YES;
				ENABLE_TESTABILITY = YES;
				GCC_C_LANGUAGE_STANDARD = gnu99;
				GCC_DYNAMIC_NO_PIC = NO;
				GCC_NO_COMMON_BLOCKS = YES;
				GCC_OPTIMIZATION_LEVEL = 0;
				GCC_PREPROCESSOR_DEFINITIONS = (
					"DEBUG=1",
					"$(inherited)",
				);
				GCC_WARN_64_TO_32_BIT_CONVERSION = YES;
				GCC_WARN_ABOUT_RETURN_TYPE = YES_ERROR;
				GCC_WARN_UNDECLARED_SELECTOR = YES;
				GCC_WARN_UNINITIALIZED_AUTOS = YES_AGGRESSIVE;
				GCC_WARN_UNUSED_FUNCTION = YES;
				GCC_WARN_UNUSED_VARIABLE = YES;
				IPHONEOS_DEPLOYMENT_TARGET = 9.3;
				MTL_ENABLE_DEBUG_INFO = YES;
				ONLY_ACTIVE_ARCH = YES;
				SDKROOT = iphoneos;
				SWIFT_ACTIVE_COMPILATION_CONDITIONS = DEBUG;
				SWIFT_OPTIMIZATION_LEVEL = "-Onone";
				TARGETED_DEVICE_FAMILY = "1,2";
			};
			name = Debug;
		};
		AE2B94B51E56EB3E00643518 /* Release */ = {
			isa = XCBuildConfiguration;
			buildSettings = {
				ALWAYS_SEARCH_USER_PATHS = NO;
				CLANG_ANALYZER_NONNULL = YES;
				CLANG_CXX_LANGUAGE_STANDARD = "gnu++0x";
				CLANG_CXX_LIBRARY = "libc++";
				CLANG_ENABLE_MODULES = YES;
				CLANG_ENABLE_OBJC_ARC = YES;
				CLANG_WARN_BOOL_CONVERSION = YES;
				CLANG_WARN_CONSTANT_CONVERSION = YES;
				CLANG_WARN_DIRECT_OBJC_ISA_USAGE = YES_ERROR;
				CLANG_WARN_DOCUMENTATION_COMMENTS = YES;
				CLANG_WARN_EMPTY_BODY = YES;
				CLANG_WARN_ENUM_CONVERSION = YES;
				CLANG_WARN_INFINITE_RECURSION = YES;
				CLANG_WARN_INT_CONVERSION = YES;
				CLANG_WARN_OBJC_ROOT_CLASS = YES_ERROR;
				CLANG_WARN_SUSPICIOUS_MOVE = YES;
				CLANG_WARN_UNREACHABLE_CODE = YES;
				CLANG_WARN__DUPLICATE_METHOD_MATCH = YES;
				"CODE_SIGN_IDENTITY[sdk=iphoneos*]" = "iPhone Developer";
				COPY_PHASE_STRIP = NO;
				DEBUG_INFORMATION_FORMAT = "dwarf-with-dsym";
				ENABLE_NS_ASSERTIONS = NO;
				ENABLE_STRICT_OBJC_MSGSEND = YES;
				GCC_C_LANGUAGE_STANDARD = gnu99;
				GCC_NO_COMMON_BLOCKS = YES;
				GCC_WARN_64_TO_32_BIT_CONVERSION = YES;
				GCC_WARN_ABOUT_RETURN_TYPE = YES_ERROR;
				GCC_WARN_UNDECLARED_SELECTOR = YES;
				GCC_WARN_UNINITIALIZED_AUTOS = YES_AGGRESSIVE;
				GCC_WARN_UNUSED_FUNCTION = YES;
				GCC_WARN_UNUSED_VARIABLE = YES;
				IPHONEOS_DEPLOYMENT_TARGET = 9.3;
				MTL_ENABLE_DEBUG_INFO = NO;
				SDKROOT = iphoneos;
				SWIFT_OPTIMIZATION_LEVEL = "-Owholemodule";
				TARGETED_DEVICE_FAMILY = "1,2";
				VALIDATE_PRODUCT = YES;
			};
			name = Release;
		};
		AE2B94B71E56EB3E00643518 /* Debug */ = {
			isa = XCBuildConfiguration;
			buildSettings = {
				ASSETCATALOG_COMPILER_APPICON_NAME = AppIcon;
				DEVELOPMENT_TEAM = URDT8CB4R4;
				INFOPLIST_FILE = IMDBProject/Info.plist;
				IPHONEOS_DEPLOYMENT_TARGET = 9.3;
				LD_RUNPATH_SEARCH_PATHS = "$(inherited) @executable_path/Frameworks";
				PRODUCT_BUNDLE_IDENTIFIER = test.IMDBProject;
				PRODUCT_NAME = "$(TARGET_NAME)";
				SWIFT_VERSION = 3.0;
			};
			name = Debug;
		};
		AE2B94B81E56EB3E00643518 /* Release */ = {
			isa = XCBuildConfiguration;
			buildSettings = {
				ASSETCATALOG_COMPILER_APPICON_NAME = AppIcon;
				DEVELOPMENT_TEAM = URDT8CB4R4;
				INFOPLIST_FILE = IMDBProject/Info.plist;
				IPHONEOS_DEPLOYMENT_TARGET = 9.3;
				LD_RUNPATH_SEARCH_PATHS = "$(inherited) @executable_path/Frameworks";
				PRODUCT_BUNDLE_IDENTIFIER = test.IMDBProject;
				PRODUCT_NAME = "$(TARGET_NAME)";
				SWIFT_VERSION = 3.0;
			};
			name = Release;
		};
/* End XCBuildConfiguration section */

/* Begin XCConfigurationList section */
		AE2B949F1E56EB3E00643518 /* Build configuration list for PBXProject "IMDBProject" */ = {
			isa = XCConfigurationList;
			buildConfigurations = (
				AE2B94B41E56EB3E00643518 /* Debug */,
				AE2B94B51E56EB3E00643518 /* Release */,
			);
			defaultConfigurationIsVisible = 0;
			defaultConfigurationName = Release;
		};
		AE2B94B61E56EB3E00643518 /* Build configuration list for PBXNativeTarget "IMDBProject" */ = {
			isa = XCConfigurationList;
			buildConfigurations = (
				AE2B94B71E56EB3E00643518 /* Debug */,
				AE2B94B81E56EB3E00643518 /* Release */,
			);
			defaultConfigurationIsVisible = 0;
		};
/* End XCConfigurationList section */
	};
	rootObject = AE2B949C1E56EB3E00643518 /* Project object */;
}
